
Microsoft Visual Studio Solution File, Format Version 12.00
# Visual Studio Version 17
VisualStudioVersion = 17.14.36811.4 d17.14
MinimumVisualStudioVersion = 10.0.40219.1
Project("{8BC9CEB8-8B4A-11D0-8D11-00A0C91BC942}") = "Mandel2", "Mandel2\Mandel2.vcxproj", "{0BC6FA49-1E55-D537-2D4F-CC0F98367471}"
EndProject
Global
	GlobalSection(SolutionConfigurationPlatforms) = preSolution
		Debug|x64 = Debug|x64
		Release|x64 = Release|x64
	EndGlobalSection
	GlobalSection(ProjectConfigurationPlatforms) = postSolution
		{0BC6FA49-1E55-D537-2D4F-CC0F98367471}.Debug|x64.ActiveCfg = Debug|x64
		{0BC6FA49-1E55-D537-2D4F-CC0F98367471}.Debug|x64.Build.0 = Debug|x64
		{0BC6FA49-1E55-D537-2D4F-CC0F98367471}.Release|x64.ActiveCfg = Release|x64
		{0BC6FA49-1E55-D537-2D4F-CC0F98367471}.Release|x64.Build.0 = Release|x64
	EndGlobalSection
	GlobalSection(SolutionProperties) = preSolution
		HideSolutionNode = FALSE
	EndGlobalSection
	GlobalSection(ExtensibilityGlobals) = postSolution
		SolutionGuid = {043D22B3-18E3-453A-A2A3-6F677BE2C375}
	EndGlobalSection
EndGlobal
